
Microsoft Visual Studio Solution File, Format Version 12.00
# Visual Studio Version 17
VisualStudioVersion = 17.3.32929.385
MinimumVisualStudioVersion = 10.0.40219.1
Project("{6EC3EE1D-3C4E-46DD-8F32-0CC8E7565705}") = "SendGame", "LearningMono\SendGame.fsproj", "{C9502202-6B8E-42B0-BF02-92BBD0CBFB98}"
EndProject
Project("{6EC3EE1D-3C4E-46DD-8F32-0CC8E7565705}") = "Benchmarks", "Benchmarks\Benchmarks.fsproj", "{8199CDD2-482E-49AC-9A01-BF25470C0EC4}"
EndProject
Project("{2150E333-8FDC-42A3-9474-1A3956D46DE8}") = "Solution Items", "Solution Items", "{37483429-4150-4A4C-90A7-3DE5D002BE14}"
	ProjectSection(SolutionItems) = preProject
		LearningMono\Ideas.md = LearningMono\Ideas.md
		README.md = README.md
		LearningMono\TODO.md = LearningMono\TODO.md
	EndProjectSection
EndProject
Global
	GlobalSection(SolutionConfigurationPlatforms) = preSolution
		Debug|Any CPU = Debug|Any CPU
		Debug|x64 = Debug|x64
		Debug|x86 = Debug|x86
		Release|Any CPU = Release|Any CPU
		Release|x64 = Release|x64
		Release|x86 = Release|x86
	EndGlobalSection
	GlobalSection(ProjectConfigurationPlatforms) = postSolution
		{C9502202-6B8E-42B0-BF02-92BBD0CBFB98}.Debug|Any CPU.ActiveCfg = Debug|Any CPU
		{C9502202-6B8E-42B0-BF02-92BBD0CBFB98}.Debug|Any CPU.Build.0 = Debug|Any CPU
		{C9502202-6B8E-42B0-BF02-92BBD0CBFB98}.Debug|x64.ActiveCfg = Debug|Any CPU
		{C9502202-6B8E-42B0-BF02-92BBD0CBFB98}.Debug|x64.Build.0 = Debug|Any CPU
		{C9502202-6B8E-42B0-BF02-92BBD0CBFB98}.Debug|x86.ActiveCfg = Debug|Any CPU
		{C9502202-6B8E-42B0-BF02-92BBD0CBFB98}.Debug|x86.Build.0 = Debug|Any CPU
		{C9502202-6B8E-42B0-BF02-92BBD0CBFB98}.Release|Any CPU.ActiveCfg = Release|Any CPU
		{C9502202-6B8E-42B0-BF02-92BBD0CBFB98}.Release|Any CPU.Build.0 = Release|Any CPU
		{C9502202-6B8E-42B0-BF02-92BBD0CBFB98}.Release|x64.ActiveCfg = Release|Any CPU
		{C9502202-6B8E-42B0-BF02-92BBD0CBFB98}.Release|x64.Build.0 = Release|Any CPU
		{C9502202-6B8E-42B0-BF02-92BBD0CBFB98}.Release|x86.ActiveCfg = Release|Any CPU
		{C9502202-6B8E-42B0-BF02-92BBD0CBFB98}.Release|x86.Build.0 = Release|Any CPU
		{8199CDD2-482E-49AC-9A01-BF25470C0EC4}.Debug|Any CPU.ActiveCfg = Debug|Any CPU
		{8199CDD2-482E-49AC-9A01-BF25470C0EC4}.Debug|Any CPU.Build.0 = Debug|Any CPU
		{8199CDD2-482E-49AC-9A01-BF25470C0EC4}.Debug|x64.ActiveCfg = Debug|Any CPU
		{8199CDD2-482E-49AC-9A01-BF25470C0EC4}.Debug|x64.Build.0 = Debug|Any CPU
		{8199CDD2-482E-49AC-9A01-BF25470C0EC4}.Debug|x86.ActiveCfg = Debug|Any CPU
		{8199CDD2-482E-49AC-9A01-BF25470C0EC4}.Debug|x86.Build.0 = Debug|Any CPU
		{8199CDD2-482E-49AC-9A01-BF25470C0EC4}.Release|Any CPU.ActiveCfg = Release|Any CPU
		{8199CDD2-482E-49AC-9A01-BF25470C0EC4}.Release|Any CPU.Build.0 = Release|Any CPU
		{8199CDD2-482E-49AC-9A01-BF25470C0EC4}.Release|x64.ActiveCfg = Release|Any CPU
		{8199CDD2-482E-49AC-9A01-BF25470C0EC4}.Release|x64.Build.0 = Release|Any CPU
		{8199CDD2-482E-49AC-9A01-BF25470C0EC4}.Release|x86.ActiveCfg = Release|Any CPU
		{8199CDD2-482E-49AC-9A01-BF25470C0EC4}.Release|x86.Build.0 = Release|Any CPU
	EndGlobalSection
	GlobalSection(SolutionProperties) = preSolution
		HideSolutionNode = FALSE
	EndGlobalSection
	GlobalSection(ExtensibilityGlobals) = postSolution
		SolutionGuid = {1AF0C015-7B5B-40D7-A196-9E4017903727}
	EndGlobalSection
EndGlobal
